{
  "version": 4,
  "terraform_version": "1.5.7",
  "serial": 1,
  "lineage": "cda2b19e-0381-951a-8fea-1fa10b7abe91",
  "outputs": {
    "artifact_registry_repository": {
      "value": "kubernetes-assignment",
      "type": "string"
    },
    "kubernetes_cluster_endpoint": {
      "value": null,
      "type": "string"
    },
    "kubernetes_cluster_name": {
      "value": null,
      "type": "string"
    }
  },
  "resources": [
    {
      "mode": "managed",
      "type": "google_artifact_registry_repository",
      "name": "kubernetes_assignment",
      "provider": "provider[\"registry.terraform.io/hashicorp/google\"]",
      "instances": [
        {
          "schema_version": 0,
          "attributes": {
            "cleanup_policies": [],
            "cleanup_policy_dry_run": false,
            "create_time": "2025-03-19T23:31:26.000817Z",
            "description": "",
            "docker_config": [],
            "effective_labels": {
              "goog-terraform-provisioned": "true"
            },
            "format": "DOCKER",
            "id": "projects/csci5409-k8s-454105/locations/us-central1/repositories/kubernetes-assignment",
            "kms_key_name": "",
            "labels": {},
            "location": "us-central1",
            "maven_config": [],
            "mode": "STANDARD_REPOSITORY",
            "name": "kubernetes-assignment",
            "project": "csci5409-k8s-454105",
            "remote_repository_config": [],
            "repository_id": "kubernetes-assignment",
            "terraform_labels": {},
            "timeouts": null,
            "update_time": "2025-03-20T02:13:53.029329Z",
            "virtual_repository_config": [],
            "vulnerability_scanning_config": [
              {
                "enablement_config": "",
                "enablement_state": "SCANNING_ACTIVE",
                "enablement_state_reason": ""
              }
            ]
          },
          "sensitive_attributes": [],
          "private": "eyJlMmJmYjczMC1lY2FhLTExZTYtOGY4OC0zNDM2M2JjN2M0YzAiOnsiY3JlYXRlIjoxMjAwMDAwMDAwMDAwLCJkZWxldGUiOjEyMDAwMDAwMDAwMDAsInVwZGF0ZSI6MTIwMDAwMDAwMDAwMH0sInNjaGVtYV92ZXJzaW9uIjoiMCJ9"
        }
      ]
    }
  ],
  "check_results": null
}
